
Microsoft Visual Studio Solution File, Format Version 11.00
# Visual Web Developer Express 2010
Project("{FAE04EC0-301F-11D3-BF4B-00C04F79EFBC}") = "prueba", "prueba\prueba.csproj", "{DE8ADDD0-49F5-4A7A-B038-7DE1B8DD8E59}"
EndProject
Global
	GlobalSection(SolutionConfigurationPlatforms) = preSolution
		Debug|Any CPU = Debug|Any CPU
		Release|Any CPU = Release|Any CPU
	EndGlobalSection
	GlobalSection(ProjectConfigurationPlatforms) = postSolution
		{DE8ADDD0-49F5-4A7A-B038-7DE1B8DD8E59}.Debug|Any CPU.ActiveCfg = Debug|Any CPU
		{DE8ADDD0-49F5-4A7A-B038-7DE1B8DD8E59}.Debug|Any CPU.Build.0 = Debug|Any CPU
		{DE8ADDD0-49F5-4A7A-B038-7DE1B8DD8E59}.Release|Any CPU.ActiveCfg = Release|Any CPU
		{DE8ADDD0-49F5-4A7A-B038-7DE1B8DD8E59}.Release|Any CPU.Build.0 = Release|Any CPU
	EndGlobalSection
	GlobalSection(SolutionProperties) = preSolution
		HideSolutionNode = FALSE
	EndGlobalSection
EndGlobal
